// !$*UTF8*$!
{
	archiveVersion = 1;
	classes = {
	};
	objectVersion = 46;
	objects = {

/* Begin PBXBuildFile section */
		498639621C19C4E100DBBF29 /* UnderscoreKeyTransform.swift in Sources */ = {isa = PBXBuildFile; fileRef = 498639611C19C4E100DBBF29 /* UnderscoreKeyTransform.swift */; };
		4986396C1C19FFE800DBBF29 /* UnderscoreKeyTransform.swift in Sources */ = {isa = PBXBuildFile; fileRef = 498639611C19C4E100DBBF29 /* UnderscoreKeyTransform.swift */; };
		8C299AF71D9DF0F000B9E45E /* CoreMeta.framework in Frameworks */ = {isa = PBXBuildFile; fileRef = 8C299AF21D9DF0D300B9E45E /* CoreMeta.framework */; };
		8CE5F4E11BE40D140049E0C7 /* Cereal.h in Headers */ = {isa = PBXBuildFile; fileRef = 8CE5F4E01BE40D140049E0C7 /* Cereal.h */; settings = {ATTRIBUTES = (Public, ); }; };
		8CE5F4E81BE40D140049E0C7 /* Cereal.framework in Frameworks */ = {isa = PBXBuildFile; fileRef = 8CE5F4DD1BE40D140049E0C7 /* Cereal.framework */; };
		8CE5F4ED1BE40D140049E0C7 /* JsonCerealizerTests.swift in Sources */ = {isa = PBXBuildFile; fileRef = 8CE5F4EC1BE40D140049E0C7 /* JsonCerealizerTests.swift */; };
		BAC28019FB3F6CDFF1D72790 /* Types.swift in Sources */ = {isa = PBXBuildFile; fileRef = BAC2801E318E9817DD978B81 /* Types.swift */; };
		BAC28159191AB499C38CD128 /* Iso8601UtcDateFormatter.swift in Sources */ = {isa = PBXBuildFile; fileRef = BAC28AEA1A8987EB895ADEFC /* Iso8601UtcDateFormatter.swift */; };
		BAC282776C20CDEFE333EE95 /* Cerealizer.swift in Sources */ = {isa = PBXBuildFile; fileRef = BAC2876B91DACD69E7BCCB94 /* Cerealizer.swift */; };
		BAC28343C73DE1F9328F8AAE /* CerealKeyTransformTests.swift in Sources */ = {isa = PBXBuildFile; fileRef = BAC287D049F8CF19FF7BAD6D /* CerealKeyTransformTests.swift */; };
		BAC28379C2B6EB82622863EE /* JsonCerealizer.swift in Sources */ = {isa = PBXBuildFile; fileRef = BAC2886C78EF62B51CFB9816 /* JsonCerealizer.swift */; };
		BAC283A9AFB6F6DA9E2BA1CC /* PascalCaseKeyTransform.swift in Sources */ = {isa = PBXBuildFile; fileRef = BAC28108C4415B523619FB04 /* PascalCaseKeyTransform.swift */; };
		BAC283D3243EF55BB0CBD097 /* Decerealizable.swift in Sources */ = {isa = PBXBuildFile; fileRef = BAC286995E356C6DFD603067 /* Decerealizable.swift */; };
		BAC28534B82AD44C5BD06591 /* PascalCaseKeyTransform.swift in Sources */ = {isa = PBXBuildFile; fileRef = BAC28108C4415B523619FB04 /* PascalCaseKeyTransform.swift */; };
		BAC285A277A6BA4BD905D71E /* CerealNSObjectExtensions.swift in Sources */ = {isa = PBXBuildFile; fileRef = BAC28B4DD6E2566F26008A41 /* CerealNSObjectExtensions.swift */; };
		BAC287C0601F36927D665F1A /* MicrosoftJsonDateFormatter.swift in Sources */ = {isa = PBXBuildFile; fileRef = BAC2837E02ABD9F764EE73AA /* MicrosoftJsonDateFormatter.swift */; };
		BAC2884ABBB962580A7BCA92 /* CerealKeyTransform.swift in Sources */ = {isa = PBXBuildFile; fileRef = BAC282379AAF01579AC134FC /* CerealKeyTransform.swift */; };
		BAC288688D730F140E810DD1 /* CerealizerBase.swift in Sources */ = {isa = PBXBuildFile; fileRef = BAC2815BF3AB4E773944D221 /* CerealizerBase.swift */; };
		BAC28923AB9D9AB2BC5A9FC3 /* CaseInsensitiveKeyTransform.swift in Sources */ = {isa = PBXBuildFile; fileRef = BAC28C59727A92628E0E4EA5 /* CaseInsensitiveKeyTransform.swift */; };
		BAC2898646453FD1677DAFFF /* MicrosoftJsonDateFormatter.swift in Sources */ = {isa = PBXBuildFile; fileRef = BAC2837E02ABD9F764EE73AA /* MicrosoftJsonDateFormatter.swift */; };
		BAC28A11598156A67E2B6CA1 /* Cerealizable.swift in Sources */ = {isa = PBXBuildFile; fileRef = BAC2815C70A8EE2B9CB3C90A /* Cerealizable.swift */; };
		BAC28B40685F9D8896F0070F /* Iso8601UtcDateFormatter.swift in Sources */ = {isa = PBXBuildFile; fileRef = BAC28AEA1A8987EB895ADEFC /* Iso8601UtcDateFormatter.swift */; };
		BAC28C936E4796EB4279746A /* CerealizerBase.swift in Sources */ = {isa = PBXBuildFile; fileRef = BAC2815BF3AB4E773944D221 /* CerealizerBase.swift */; };
		BAC28E64134CCDAEF82FDEDF /* Cerealizer.swift in Sources */ = {isa = PBXBuildFile; fileRef = BAC2876B91DACD69E7BCCB94 /* Cerealizer.swift */; };
		BAC28EE04D97A05E95892AB5 /* CerealKeyTransform.swift in Sources */ = {isa = PBXBuildFile; fileRef = BAC282379AAF01579AC134FC /* CerealKeyTransform.swift */; };
		BAC28EE4857578788BA446C1 /* Decerealizable.swift in Sources */ = {isa = PBXBuildFile; fileRef = BAC286995E356C6DFD603067 /* Decerealizable.swift */; };
		BAC28F24810CCFB10661D650 /* Cerealizable.swift in Sources */ = {isa = PBXBuildFile; fileRef = BAC2815C70A8EE2B9CB3C90A /* Cerealizable.swift */; };
		BAC28F4A5BF3D0634AF4BE96 /* CaseInsensitiveKeyTransform.swift in Sources */ = {isa = PBXBuildFile; fileRef = BAC28C59727A92628E0E4EA5 /* CaseInsensitiveKeyTransform.swift */; };
		BAC28FA648D7DE7B734DB952 /* JsonCerealizer.swift in Sources */ = {isa = PBXBuildFile; fileRef = BAC2886C78EF62B51CFB9816 /* JsonCerealizer.swift */; };
		BAC28FAF2D99FFA4EA0991B1 /* CerealNSObjectExtensions.swift in Sources */ = {isa = PBXBuildFile; fileRef = BAC28B4DD6E2566F26008A41 /* CerealNSObjectExtensions.swift */; };
/* End PBXBuildFile section */

/* Begin PBXContainerItemProxy section */
		8C299AF11D9DF0D300B9E45E /* PBXContainerItemProxy */ = {
			isa = PBXContainerItemProxy;
			containerPortal = 8C299AEC1D9DF0D300B9E45E /* CoreMeta.xcodeproj */;
			proxyType = 2;
			remoteGlobalIDString = 8CF2A9711BCF20D900FAA321;
			remoteInfo = CoreMeta;
		};
		8C299AF31D9DF0D300B9E45E /* PBXContainerItemProxy */ = {
			isa = PBXContainerItemProxy;
			containerPortal = 8C299AEC1D9DF0D300B9E45E /* CoreMeta.xcodeproj */;
			proxyType = 2;
			remoteGlobalIDString = 8CF3322B1BD14B8A0026564F;
			remoteInfo = CoreMetaTests;
		};
		8C299AF51D9DF0EB00B9E45E /* PBXContainerItemProxy */ = {
			isa = PBXContainerItemProxy;
			containerPortal = 8C299AEC1D9DF0D300B9E45E /* CoreMeta.xcodeproj */;
			proxyType = 1;
			remoteGlobalIDString = 8CF2A9701BCF20D900FAA321;
			remoteInfo = CoreMeta;
		};
		8CE5F4E91BE40D140049E0C7 /* PBXContainerItemProxy */ = {
			isa = PBXContainerItemProxy;
			containerPortal = 8CE5F4D41BE40D140049E0C7 /* Project object */;
			proxyType = 1;
			remoteGlobalIDString = 8CE5F4DC1BE40D140049E0C7;
			remoteInfo = Cereal;
		};
/* End PBXContainerItemProxy section */

/* Begin PBXFileReference section */
		498639611C19C4E100DBBF29 /* UnderscoreKeyTransform.swift */ = {isa = PBXFileReference; fileEncoding = 4; lastKnownFileType = sourcecode.swift; path = UnderscoreKeyTransform.swift; sourceTree = "<group>"; };
		8C299AEC1D9DF0D300B9E45E /* CoreMeta.xcodeproj */ = {isa = PBXFileReference; lastKnownFileType = "wrapper.pb-project"; name = CoreMeta.xcodeproj; path = ../CoreMeta/CoreMeta/CoreMeta.xcodeproj; sourceTree = "<group>"; };
		8CE5F4DD1BE40D140049E0C7 /* Cereal.framework */ = {isa = PBXFileReference; explicitFileType = wrapper.framework; includeInIndex = 0; path = Cereal.framework; sourceTree = BUILT_PRODUCTS_DIR; };
		8CE5F4E01BE40D140049E0C7 /* Cereal.h */ = {isa = PBXFileReference; lastKnownFileType = sourcecode.c.h; path = Cereal.h; sourceTree = "<group>"; };
		8CE5F4E71BE40D140049E0C7 /* CerealTests.xctest */ = {isa = PBXFileReference; explicitFileType = wrapper.cfbundle; includeInIndex = 0; path = CerealTests.xctest; sourceTree = BUILT_PRODUCTS_DIR; };
		8CE5F4EC1BE40D140049E0C7 /* JsonCerealizerTests.swift */ = {isa = PBXFileReference; lastKnownFileType = sourcecode.swift; path = JsonCerealizerTests.swift; sourceTree = "<group>"; };
		8CE5F4EE1BE40D140049E0C7 /* Info.plist */ = {isa = PBXFileReference; lastKnownFileType = text.plist.xml; path = Info.plist; sourceTree = "<group>"; };
		BAC2801E318E9817DD978B81 /* Types.swift */ = {isa = PBXFileReference; fileEncoding = 4; lastKnownFileType = sourcecode.swift; path = Types.swift; sourceTree = "<group>"; };
		BAC28108C4415B523619FB04 /* PascalCaseKeyTransform.swift */ = {isa = PBXFileReference; fileEncoding = 4; lastKnownFileType = sourcecode.swift; path = PascalCaseKeyTransform.swift; sourceTree = "<group>"; };
		BAC2815BF3AB4E773944D221 /* CerealizerBase.swift */ = {isa = PBXFileReference; fileEncoding = 4; lastKnownFileType = sourcecode.swift; path = CerealizerBase.swift; sourceTree = "<group>"; };
		BAC2815C70A8EE2B9CB3C90A /* Cerealizable.swift */ = {isa = PBXFileReference; fileEncoding = 4; lastKnownFileType = sourcecode.swift; path = Cerealizable.swift; sourceTree = "<group>"; };
		BAC282379AAF01579AC134FC /* CerealKeyTransform.swift */ = {isa = PBXFileReference; fileEncoding = 4; lastKnownFileType = sourcecode.swift; path = CerealKeyTransform.swift; sourceTree = "<group>"; };
		BAC2837E02ABD9F764EE73AA /* MicrosoftJsonDateFormatter.swift */ = {isa = PBXFileReference; fileEncoding = 4; lastKnownFileType = sourcecode.swift; path = MicrosoftJsonDateFormatter.swift; sourceTree = "<group>"; };
		BAC286995E356C6DFD603067 /* Decerealizable.swift */ = {isa = PBXFileReference; fileEncoding = 4; lastKnownFileType = sourcecode.swift; path = Decerealizable.swift; sourceTree = "<group>"; };
		BAC2876B91DACD69E7BCCB94 /* Cerealizer.swift */ = {isa = PBXFileReference; fileEncoding = 4; lastKnownFileType = sourcecode.swift; path = Cerealizer.swift; sourceTree = "<group>"; };
		BAC287D049F8CF19FF7BAD6D /* CerealKeyTransformTests.swift */ = {isa = PBXFileReference; fileEncoding = 4; lastKnownFileType = sourcecode.swift; path = CerealKeyTransformTests.swift; sourceTree = "<group>"; };
		BAC2881E90FC202775FEC11E /* Info.plist */ = {isa = PBXFileReference; fileEncoding = 4; lastKnownFileType = text.plist.info; path = Info.plist; sourceTree = "<group>"; };
		BAC2886C78EF62B51CFB9816 /* JsonCerealizer.swift */ = {isa = PBXFileReference; fileEncoding = 4; lastKnownFileType = sourcecode.swift; path = JsonCerealizer.swift; sourceTree = "<group>"; };
		BAC28AEA1A8987EB895ADEFC /* Iso8601UtcDateFormatter.swift */ = {isa = PBXFileReference; fileEncoding = 4; lastKnownFileType = sourcecode.swift; path = Iso8601UtcDateFormatter.swift; sourceTree = "<group>"; };
		BAC28B4DD6E2566F26008A41 /* CerealNSObjectExtensions.swift */ = {isa = PBXFileReference; fileEncoding = 4; lastKnownFileType = sourcecode.swift; path = CerealNSObjectExtensions.swift; sourceTree = "<group>"; };
		BAC28C59727A92628E0E4EA5 /* CaseInsensitiveKeyTransform.swift */ = {isa = PBXFileReference; fileEncoding = 4; lastKnownFileType = sourcecode.swift; path = CaseInsensitiveKeyTransform.swift; sourceTree = "<group>"; };
/* End PBXFileReference section */

/* Begin PBXFrameworksBuildPhase section */
		8CE5F4D91BE40D140049E0C7 /* Frameworks */ = {
			isa = PBXFrameworksBuildPhase;
			buildActionMask = 2147483647;
			files = (
				8C299AF71D9DF0F000B9E45E /* CoreMeta.framework in Frameworks */,
			);
			runOnlyForDeploymentPostprocessing = 0;
		};
		8CE5F4E41BE40D140049E0C7 /* Frameworks */ = {
			isa = PBXFrameworksBuildPhase;
			buildActionMask = 2147483647;
			files = (
				8CE5F4E81BE40D140049E0C7 /* Cereal.framework in Frameworks */,
			);
			runOnlyForDeploymentPostprocessing = 0;
		};
/* End PBXFrameworksBuildPhase section */

/* Begin PBXGroup section */
		8C299AED1D9DF0D300B9E45E /* Products */ = {
			isa = PBXGroup;
			children = (
				8C299AF21D9DF0D300B9E45E /* CoreMeta.framework */,
				8C299AF41D9DF0D300B9E45E /* CoreMetaTests.xctest */,
			);
			name = Products;
			sourceTree = "<group>";
		};
		8CE5F4D31BE40D140049E0C7 = {
			isa = PBXGroup;
			children = (
				8C299AEC1D9DF0D300B9E45E /* CoreMeta.xcodeproj */,
				8CE5F4DF1BE40D140049E0C7 /* Cereal */,
				8CE5F4EB1BE40D140049E0C7 /* CerealTests */,
				8CE5F4DE1BE40D140049E0C7 /* Products */,
			);
			sourceTree = "<group>";
		};
		8CE5F4DE1BE40D140049E0C7 /* Products */ = {
			isa = PBXGroup;
			children = (
				8CE5F4DD1BE40D140049E0C7 /* Cereal.framework */,
				8CE5F4E71BE40D140049E0C7 /* CerealTests.xctest */,
			);
			name = Products;
			sourceTree = "<group>";
		};
		8CE5F4DF1BE40D140049E0C7 /* Cereal */ = {
			isa = PBXGroup;
			children = (
				8CE5F4E01BE40D140049E0C7 /* Cereal.h */,
				BAC2893BBE8AAC9133AED28F /* Serialization */,
				BAC28817FEEA20BFDE6E66A8 /* Resources */,
				BAC28F99FD52BA36999CACF7 /* Extensions */,
				BAC280E993E85C09006C43D5 /* Date Formatters */,
			);
			path = Cereal;
			sourceTree = "<group>";
		};
		8CE5F4EB1BE40D140049E0C7 /* CerealTests */ = {
			isa = PBXGroup;
			children = (
				8CE5F4EC1BE40D140049E0C7 /* JsonCerealizerTests.swift */,
				8CE5F4EE1BE40D140049E0C7 /* Info.plist */,
				BAC2801E318E9817DD978B81 /* Types.swift */,
				BAC287D049F8CF19FF7BAD6D /* CerealKeyTransformTests.swift */,
			);
			path = CerealTests;
			sourceTree = "<group>";
		};
		BAC280E993E85C09006C43D5 /* Date Formatters */ = {
			isa = PBXGroup;
			children = (
				BAC28AEA1A8987EB895ADEFC /* Iso8601UtcDateFormatter.swift */,
				BAC2837E02ABD9F764EE73AA /* MicrosoftJsonDateFormatter.swift */,
			);
			path = "Date Formatters";
			sourceTree = "<group>";
		};
		BAC28817FEEA20BFDE6E66A8 /* Resources */ = {
			isa = PBXGroup;
			children = (
				BAC2881E90FC202775FEC11E /* Info.plist */,
			);
			path = Resources;
			sourceTree = "<group>";
		};
		BAC2893BBE8AAC9133AED28F /* Serialization */ = {
			isa = PBXGroup;
			children = (
				BAC2876B91DACD69E7BCCB94 /* Cerealizer.swift */,
				BAC2815BF3AB4E773944D221 /* CerealizerBase.swift */,
				BAC28FCF95D4FC6F07BC8AFB /* JSON */,
				BAC2815C70A8EE2B9CB3C90A /* Cerealizable.swift */,
				BAC28CF8B171BBE122214193 /* Key Transforms */,
				BAC286995E356C6DFD603067 /* Decerealizable.swift */,
			);
			path = Serialization;
			sourceTree = "<group>";
		};
		BAC28CF8B171BBE122214193 /* Key Transforms */ = {
			isa = PBXGroup;
			children = (
				BAC282379AAF01579AC134FC /* CerealKeyTransform.swift */,
				BAC28C59727A92628E0E4EA5 /* CaseInsensitiveKeyTransform.swift */,
				BAC28108C4415B523619FB04 /* PascalCaseKeyTransform.swift */,
				498639611C19C4E100DBBF29 /* UnderscoreKeyTransform.swift */,
			);
			path = "Key Transforms";
			sourceTree = "<group>";
		};
		BAC28F99FD52BA36999CACF7 /* Extensions */ = {
			isa = PBXGroup;
			children = (
				BAC28B4DD6E2566F26008A41 /* CerealNSObjectExtensions.swift */,
			);
			path = Extensions;
			sourceTree = "<group>";
		};
		BAC28FCF95D4FC6F07BC8AFB /* JSON */ = {
			isa = PBXGroup;
			children = (
				BAC2886C78EF62B51CFB9816 /* JsonCerealizer.swift */,
			);
			path = JSON;
			sourceTree = "<group>";
		};
/* End PBXGroup section */

/* Begin PBXHeadersBuildPhase section */
		8CE5F4DA1BE40D140049E0C7 /* Headers */ = {
			isa = PBXHeadersBuildPhase;
			buildActionMask = 2147483647;
			files = (
				8CE5F4E11BE40D140049E0C7 /* Cereal.h in Headers */,
			);
			runOnlyForDeploymentPostprocessing = 0;
		};
/* End PBXHeadersBuildPhase section */

/* Begin PBXNativeTarget section */
		8CE5F4DC1BE40D140049E0C7 /* Cereal */ = {
			isa = PBXNativeTarget;
			buildConfigurationList = 8CE5F4F11BE40D140049E0C7 /* Build configuration list for PBXNativeTarget "Cereal" */;
			buildPhases = (
				8CE5F4D81BE40D140049E0C7 /* Sources */,
				8CE5F4D91BE40D140049E0C7 /* Frameworks */,
				8CE5F4DA1BE40D140049E0C7 /* Headers */,
				8CE5F4DB1BE40D140049E0C7 /* Resources */,
			);
			buildRules = (
			);
			dependencies = (
				8C299AF61D9DF0EB00B9E45E /* PBXTargetDependency */,
			);
			name = Cereal;
			productName = Cereal;
			productReference = 8CE5F4DD1BE40D140049E0C7 /* Cereal.framework */;
			productType = "com.apple.product-type.framework";
		};
		8CE5F4E61BE40D140049E0C7 /* CerealTests */ = {
			isa = PBXNativeTarget;
			buildConfigurationList = 8CE5F4F41BE40D140049E0C7 /* Build configuration list for PBXNativeTarget "CerealTests" */;
			buildPhases = (
				8CE5F4E31BE40D140049E0C7 /* Sources */,
				8CE5F4E41BE40D140049E0C7 /* Frameworks */,
				8CE5F4E51BE40D140049E0C7 /* Resources */,
			);
			buildRules = (
			);
			dependencies = (
				8CE5F4EA1BE40D140049E0C7 /* PBXTargetDependency */,
			);
			name = CerealTests;
			productName = CerealTests;
			productReference = 8CE5F4E71BE40D140049E0C7 /* CerealTests.xctest */;
			productType = "com.apple.product-type.bundle.unit-test";
		};
/* End PBXNativeTarget section */

/* Begin PBXProject section */
		8CE5F4D41BE40D140049E0C7 /* Project object */ = {
			isa = PBXProject;
			attributes = {
				LastSwiftUpdateCheck = 0710;
				LastUpgradeCheck = 0800;
				ORGANIZATIONNAME = Truefit;
				TargetAttributes = {
					8CE5F4DC1BE40D140049E0C7 = {
						CreatedOnToolsVersion = 7.1;
						LastSwiftMigration = 0800;
					};
					8CE5F4E61BE40D140049E0C7 = {
						CreatedOnToolsVersion = 7.1;
						LastSwiftMigration = 0800;
					};
				};
			};
			buildConfigurationList = 8CE5F4D71BE40D140049E0C7 /* Build configuration list for PBXProject "Cereal" */;
			compatibilityVersion = "Xcode 3.2";
			developmentRegion = English;
			hasScannedForEncodings = 0;
			knownRegions = (
				en,
			);
			mainGroup = 8CE5F4D31BE40D140049E0C7;
			productRefGroup = 8CE5F4DE1BE40D140049E0C7 /* Products */;
			projectDirPath = "";
			projectReferences = (
				{
					ProductGroup = 8C299AED1D9DF0D300B9E45E /* Products */;
					ProjectRef = 8C299AEC1D9DF0D300B9E45E /* CoreMeta.xcodeproj */;
				},
			);
			projectRoot = "";
			targets = (
				8CE5F4DC1BE40D140049E0C7 /* Cereal */,
				8CE5F4E61BE40D140049E0C7 /* CerealTests */,
			);
		};
/* End PBXProject section */

/* Begin PBXReferenceProxy section */
		8C299AF21D9DF0D300B9E45E /* CoreMeta.framework */ = {
			isa = PBXReferenceProxy;
			fileType = wrapper.framework;
			path = CoreMeta.framework;
			remoteRef = 8C299AF11D9DF0D300B9E45E /* PBXContainerItemProxy */;
			sourceTree = BUILT_PRODUCTS_DIR;
		};
		8C299AF41D9DF0D300B9E45E /* CoreMetaTests.xctest */ = {
			isa = PBXReferenceProxy;
			fileType = wrapper.cfbundle;
			path = CoreMetaTests.xctest;
			remoteRef = 8C299AF31D9DF0D300B9E45E /* PBXContainerItemProxy */;
			sourceTree = BUILT_PRODUCTS_DIR;
		};
/* End PBXReferenceProxy section */

/* Begin PBXResourcesBuildPhase section */
		8CE5F4DB1BE40D140049E0C7 /* Resources */ = {
			isa = PBXResourcesBuildPhase;
			buildActionMask = 2147483647;
			files = (
			);
			runOnlyForDeploymentPostprocessing = 0;
		};
		8CE5F4E51BE40D140049E0C7 /* Resources */ = {
			isa = PBXResourcesBuildPhase;
			buildActionMask = 2147483647;
			files = (
			);
			runOnlyForDeploymentPostprocessing = 0;
		};
/* End PBXResourcesBuildPhase section */

/* Begin PBXSourcesBuildPhase section */
		8CE5F4D81BE40D140049E0C7 /* Sources */ = {
			isa = PBXSourcesBuildPhase;
			buildActionMask = 2147483647;
			files = (
				BAC28E64134CCDAEF82FDEDF /* Cerealizer.swift in Sources */,
				BAC28C936E4796EB4279746A /* CerealizerBase.swift in Sources */,
				498639621C19C4E100DBBF29 /* UnderscoreKeyTransform.swift in Sources */,
				BAC28FA648D7DE7B734DB952 /* JsonCerealizer.swift in Sources */,
				BAC28F24810CCFB10661D650 /* Cerealizable.swift in Sources */,
				BAC28FAF2D99FFA4EA0991B1 /* CerealNSObjectExtensions.swift in Sources */,
				BAC28B40685F9D8896F0070F /* Iso8601UtcDateFormatter.swift in Sources */,
				BAC287C0601F36927D665F1A /* MicrosoftJsonDateFormatter.swift in Sources */,
				BAC2884ABBB962580A7BCA92 /* CerealKeyTransform.swift in Sources */,
				BAC28923AB9D9AB2BC5A9FC3 /* CaseInsensitiveKeyTransform.swift in Sources */,
				BAC283A9AFB6F6DA9E2BA1CC /* PascalCaseKeyTransform.swift in Sources */,
				BAC28EE4857578788BA446C1 /* Decerealizable.swift in Sources */,
			);
			runOnlyForDeploymentPostprocessing = 0;
		};
		8CE5F4E31BE40D140049E0C7 /* Sources */ = {
			isa = PBXSourcesBuildPhase;
			buildActionMask = 2147483647;
			files = (
				8CE5F4ED1BE40D140049E0C7 /* JsonCerealizerTests.swift in Sources */,
				BAC28379C2B6EB82622863EE /* JsonCerealizer.swift in Sources */,
				BAC28019FB3F6CDFF1D72790 /* Types.swift in Sources */,
				BAC288688D730F140E810DD1 /* CerealizerBase.swift in Sources */,
				BAC282776C20CDEFE333EE95 /* Cerealizer.swift in Sources */,
				BAC28A11598156A67E2B6CA1 /* Cerealizable.swift in Sources */,
				BAC285A277A6BA4BD905D71E /* CerealNSObjectExtensions.swift in Sources */,
				BAC28159191AB499C38CD128 /* Iso8601UtcDateFormatter.swift in Sources */,
				4986396C1C19FFE800DBBF29 /* UnderscoreKeyTransform.swift in Sources */,
				BAC2898646453FD1677DAFFF /* MicrosoftJsonDateFormatter.swift in Sources */,
				BAC28EE04D97A05E95892AB5 /* CerealKeyTransform.swift in Sources */,
				BAC28F4A5BF3D0634AF4BE96 /* CaseInsensitiveKeyTransform.swift in Sources */,
				BAC28343C73DE1F9328F8AAE /* CerealKeyTransformTests.swift in Sources */,
				BAC28534B82AD44C5BD06591 /* PascalCaseKeyTransform.swift in Sources */,
				BAC283D3243EF55BB0CBD097 /* Decerealizable.swift in Sources */,
			);
			runOnlyForDeploymentPostprocessing = 0;
		};
/* End PBXSourcesBuildPhase section */

/* Begin PBXTargetDependency section */
		8C299AF61D9DF0EB00B9E45E /* PBXTargetDependency */ = {
			isa = PBXTargetDependency;
			name = CoreMeta;
			targetProxy = 8C299AF51D9DF0EB00B9E45E /* PBXContainerItemProxy */;
		};
		8CE5F4EA1BE40D140049E0C7 /* PBXTargetDependency */ = {
			isa = PBXTargetDependency;
			target = 8CE5F4DC1BE40D140049E0C7 /* Cereal */;
			targetProxy = 8CE5F4E91BE40D140049E0C7 /* PBXContainerItemProxy */;
		};
/* End PBXTargetDependency section */

/* Begin XCBuildConfiguration section */
		8CE5F4EF1BE40D140049E0C7 /* Debug */ = {
			isa = XCBuildConfiguration;
			buildSettings = {
				ALWAYS_SEARCH_USER_PATHS = NO;
				CLANG_CXX_LANGUAGE_STANDARD = "gnu++0x";
				CLANG_CXX_LIBRARY = "libc++";
				CLANG_ENABLE_MODULES = YES;
				CLANG_ENABLE_OBJC_ARC = YES;
				CLANG_WARN_BOOL_CONVERSION = YES;
				CLANG_WARN_CONSTANT_CONVERSION = YES;
				CLANG_WARN_DIRECT_OBJC_ISA_USAGE = YES_ERROR;
				CLANG_WARN_EMPTY_BODY = YES;
				CLANG_WARN_ENUM_CONVERSION = YES;
				CLANG_WARN_INFINITE_RECURSION = YES;
				CLANG_WARN_INT_CONVERSION = YES;
				CLANG_WARN_OBJC_ROOT_CLASS = YES_ERROR;
				CLANG_WARN_SUSPICIOUS_MOVE = YES;
				CLANG_WARN_UNREACHABLE_CODE = YES;
				CLANG_WARN__DUPLICATE_METHOD_MATCH = YES;
				"CODE_SIGN_IDENTITY[sdk=iphoneos*]" = "iPhone Developer";
				COPY_PHASE_STRIP = NO;
				CURRENT_PROJECT_VERSION = 1;
				DEBUG_INFORMATION_FORMAT = dwarf;
				ENABLE_STRICT_OBJC_MSGSEND = YES;
				ENABLE_TESTABILITY = YES;
				GCC_C_LANGUAGE_STANDARD = gnu99;
				GCC_DYNAMIC_NO_PIC = NO;
				GCC_NO_COMMON_BLOCKS = YES;
				GCC_OPTIMIZATION_LEVEL = 0;
				GCC_PREPROCESSOR_DEFINITIONS = (
					"DEBUG=1",
					"$(inherited)",
				);
				GCC_WARN_64_TO_32_BIT_CONVERSION = YES;
				GCC_WARN_ABOUT_RETURN_TYPE = YES_ERROR;
				GCC_WARN_UNDECLARED_SELECTOR = YES;
				GCC_WARN_UNINITIALIZED_AUTOS = YES_AGGRESSIVE;
				GCC_WARN_UNUSED_FUNCTION = YES;
				GCC_WARN_UNUSED_VARIABLE = YES;
				IPHONEOS_DEPLOYMENT_TARGET = 9.0;
				MTL_ENABLE_DEBUG_INFO = YES;
				ONLY_ACTIVE_ARCH = YES;
				SDKROOT = iphoneos;
				SWIFT_OPTIMIZATION_LEVEL = "-Onone";
				TARGETED_DEVICE_FAMILY = "1,2";
				VERSIONING_SYSTEM = "apple-generic";
				VERSION_INFO_PREFIX = "";
			};
			name = Debug;
		};
		8CE5F4F01BE40D140049E0C7 /* Release */ = {
			isa = XCBuildConfiguration;
			buildSettings = {
				ALWAYS_SEARCH_USER_PATHS = NO;
				CLANG_CXX_LANGUAGE_STANDARD = "gnu++0x";
				CLANG_CXX_LIBRARY = "libc++";
				CLANG_ENABLE_MODULES = YES;
				CLANG_ENABLE_OBJC_ARC = YES;
				CLANG_WARN_BOOL_CONVERSION = YES;
				CLANG_WARN_CONSTANT_CONVERSION = YES;
				CLANG_WARN_DIRECT_OBJC_ISA_USAGE = YES_ERROR;
				CLANG_WARN_EMPTY_BODY = YES;
				CLANG_WARN_ENUM_CONVERSION = YES;
				CLANG_WARN_INFINITE_RECURSION = YES;
				CLANG_WARN_INT_CONVERSION = YES;
				CLANG_WARN_OBJC_ROOT_CLASS = YES_ERROR;
				CLANG_WARN_SUSPICIOUS_MOVE = YES;
				CLANG_WARN_UNREACHABLE_CODE = YES;
				CLANG_WARN__DUPLICATE_METHOD_MATCH = YES;
				"CODE_SIGN_IDENTITY[sdk=iphoneos*]" = "iPhone Developer";
				COPY_PHASE_STRIP = NO;
				CURRENT_PROJECT_VERSION = 1;
				DEBUG_INFORMATION_FORMAT = "dwarf-with-dsym";
				ENABLE_NS_ASSERTIONS = NO;
				ENABLE_STRICT_OBJC_MSGSEND = YES;
				GCC_C_LANGUAGE_STANDARD = gnu99;
				GCC_NO_COMMON_BLOCKS = YES;
				GCC_WARN_64_TO_32_BIT_CONVERSION = YES;
				GCC_WARN_ABOUT_RETURN_TYPE = YES_ERROR;
				GCC_WARN_UNDECLARED_SELECTOR = YES;
				GCC_WARN_UNINITIALIZED_AUTOS = YES_AGGRESSIVE;
				GCC_WARN_UNUSED_FUNCTION = YES;
				GCC_WARN_UNUSED_VARIABLE = YES;
				IPHONEOS_DEPLOYMENT_TARGET = 9.0;
				MTL_ENABLE_DEBUG_INFO = NO;
				SDKROOT = iphoneos;
				SWIFT_OPTIMIZATION_LEVEL = "-Owholemodule";
				TARGETED_DEVICE_FAMILY = "1,2";
				VALIDATE_PRODUCT = YES;
				VERSIONING_SYSTEM = "apple-generic";
				VERSION_INFO_PREFIX = "";
			};
			name = Release;
		};
		8CE5F4F21BE40D140049E0C7 /* Debug */ = {
			isa = XCBuildConfiguration;
			buildSettings = {
				"CODE_SIGN_IDENTITY[sdk=iphoneos*]" = "";
				DEFINES_MODULE = YES;
				DYLIB_COMPATIBILITY_VERSION = 1;
				DYLIB_CURRENT_VERSION = 1;
				DYLIB_INSTALL_NAME_BASE = "@rpath";
				FRAMEWORK_SEARCH_PATHS = (
					"$(inherited)",
					"$(PROJECT_DIR)",
				);
				INFOPLIST_FILE = "$(SRCROOT)/Cereal/Resources/Info.plist";
				INSTALL_PATH = "$(LOCAL_LIBRARY_DIR)/Frameworks";
				IPHONEOS_DEPLOYMENT_TARGET = 9.0;
				LD_RUNPATH_SEARCH_PATHS = "$(inherited) @executable_path/Frameworks @loader_path/Frameworks";
				PRODUCT_BUNDLE_IDENTIFIER = com.truefit.Cereal;
				PRODUCT_NAME = "$(TARGET_NAME)";
				SKIP_INSTALL = YES;
				SWIFT_VERSION = 3.0;
			};
			name = Debug;
		};
		8CE5F4F31BE40D140049E0C7 /* Release */ = {
			isa = XCBuildConfiguration;
			buildSettings = {
				"CODE_SIGN_IDENTITY[sdk=iphoneos*]" = "";
				DEFINES_MODULE = YES;
				DYLIB_COMPATIBILITY_VERSION = 1;
				DYLIB_CURRENT_VERSION = 1;
				DYLIB_INSTALL_NAME_BASE = "@rpath";
				FRAMEWORK_SEARCH_PATHS = (
					"$(inherited)",
					"$(PROJECT_DIR)",
				);
				INFOPLIST_FILE = "$(SRCROOT)/Cereal/Resources/Info.plist";
				INSTALL_PATH = "$(LOCAL_LIBRARY_DIR)/Frameworks";
				IPHONEOS_DEPLOYMENT_TARGET = 9.0;
				LD_RUNPATH_SEARCH_PATHS = "$(inherited) @executable_path/Frameworks @loader_path/Frameworks";
				PRODUCT_BUNDLE_IDENTIFIER = com.truefit.Cereal;
				PRODUCT_NAME = "$(TARGET_NAME)";
				SKIP_INSTALL = YES;
				SWIFT_VERSION = 3.0;
			};
			name = Release;
		};
		8CE5F4F51BE40D140049E0C7 /* Debug */ = {
			isa = XCBuildConfiguration;
			buildSettings = {
				FRAMEWORK_SEARCH_PATHS = (
					"$(inherited)",
					"$(PROJECT_DIR)",
				);
				INFOPLIST_FILE = CerealTests/Info.plist;
				LD_RUNPATH_SEARCH_PATHS = "$(inherited) @executable_path/Frameworks @loader_path/Frameworks";
				PRODUCT_BUNDLE_IDENTIFIER = com.truefit.CerealTests;
				PRODUCT_NAME = "$(TARGET_NAME)";
				SWIFT_VERSION = 3.0;
			};
			name = Debug;
		};
		8CE5F4F61BE40D140049E0C7 /* Release */ = {
			isa = XCBuildConfiguration;
			buildSettings = {
				FRAMEWORK_SEARCH_PATHS = (
					"$(inherited)",
					"$(PROJECT_DIR)",
				);
				INFOPLIST_FILE = CerealTests/Info.plist;
				LD_RUNPATH_SEARCH_PATHS = "$(inherited) @executable_path/Frameworks @loader_path/Frameworks";
				PRODUCT_BUNDLE_IDENTIFIER = com.truefit.CerealTests;
				PRODUCT_NAME = "$(TARGET_NAME)";
				SWIFT_VERSION = 3.0;
			};
			name = Release;
		};
/* End XCBuildConfiguration section */

/* Begin XCConfigurationList section */
		8CE5F4D71BE40D140049E0C7 /* Build configuration list for PBXProject "Cereal" */ = {
			isa = XCConfigurationList;
			buildConfigurations = (
				8CE5F4EF1BE40D140049E0C7 /* Debug */,
				8CE5F4F01BE40D140049E0C7 /* Release */,
			);
			defaultConfigurationIsVisible = 0;
			defaultConfigurationName = Release;
		};
		8CE5F4F11BE40D140049E0C7 /* Build configuration list for PBXNativeTarget "Cereal" */ = {
			isa = XCConfigurationList;
			buildConfigurations = (
				8CE5F4F21BE40D140049E0C7 /* Debug */,
				8CE5F4F31BE40D140049E0C7 /* Release */,
			);
			defaultConfigurationIsVisible = 0;
			defaultConfigurationName = Release;
		};
		8CE5F4F41BE40D140049E0C7 /* Build configuration list for PBXNativeTarget "CerealTests" */ = {
			isa = XCConfigurationList;
			buildConfigurations = (
				8CE5F4F51BE40D140049E0C7 /* Debug */,
				8CE5F4F61BE40D140049E0C7 /* Release */,
			);
			defaultConfigurationIsVisible = 0;
			defaultConfigurationName = Release;
		};
/* End XCConfigurationList section */
	};
	rootObject = 8CE5F4D41BE40D140049E0C7 /* Project object */;
}
